
Microsoft Visual Studio Solution File, Format Version 12.00
# Visual Studio Version 17
VisualStudioVersion = 17.11.35222.181
MinimumVisualStudioVersion = 10.0.40219.1
Project("{9A19103F-16F7-4668-BE54-9A1E7A4F7556}") = "Company.Data", "Data.Models\Company.Data.csproj", "{3CAE69B6-A21C-4A1F-AEC3-0E506A6AF983}"
EndProject
Project("{9A19103F-16F7-4668-BE54-9A1E7A4F7556}") = "Company.repository", "Company.repository\Company.repository.csproj", "{1A1DCAA3-CD9F-4A26-AFA7-AAAF3CCE8571}"
EndProject
Project("{9A19103F-16F7-4668-BE54-9A1E7A4F7556}") = "Company.services", "Company.services\Company.services.csproj", "{FF353061-27BB-4836-A21D-43757E75AB09}"
EndProject
Project("{9A19103F-16F7-4668-BE54-9A1E7A4F7556}") = "Complany.Web", "Complany.Web\Complany.Web.csproj", "{C92AAC6F-B166-4B8E-A00C-25ACB1335CB5}"
EndProject
Global
	GlobalSection(SolutionConfigurationPlatforms) = preSolution
		Debug|Any CPU = Debug|Any CPU
		Release|Any CPU = Release|Any CPU
	EndGlobalSection
	GlobalSection(ProjectConfigurationPlatforms) = postSolution
		{3CAE69B6-A21C-4A1F-AEC3-0E506A6AF983}.Debug|Any CPU.ActiveCfg = Debug|Any CPU
		{3CAE69B6-A21C-4A1F-AEC3-0E506A6AF983}.Debug|Any CPU.Build.0 = Debug|Any CPU
		{3CAE69B6-A21C-4A1F-AEC3-0E506A6AF983}.Release|Any CPU.ActiveCfg = Release|Any CPU
		{3CAE69B6-A21C-4A1F-AEC3-0E506A6AF983}.Release|Any CPU.Build.0 = Release|Any CPU
		{1A1DCAA3-CD9F-4A26-AFA7-AAAF3CCE8571}.Debug|Any CPU.ActiveCfg = Debug|Any CPU
		{1A1DCAA3-CD9F-4A26-AFA7-AAAF3CCE8571}.Debug|Any CPU.Build.0 = Debug|Any CPU
		{1A1DCAA3-CD9F-4A26-AFA7-AAAF3CCE8571}.Release|Any CPU.ActiveCfg = Release|Any CPU
		{1A1DCAA3-CD9F-4A26-AFA7-AAAF3CCE8571}.Release|Any CPU.Build.0 = Release|Any CPU
		{FF353061-27BB-4836-A21D-43757E75AB09}.Debug|Any CPU.ActiveCfg = Debug|Any CPU
		{FF353061-27BB-4836-A21D-43757E75AB09}.Debug|Any CPU.Build.0 = Debug|Any CPU
		{FF353061-27BB-4836-A21D-43757E75AB09}.Release|Any CPU.ActiveCfg = Release|Any CPU
		{FF353061-27BB-4836-A21D-43757E75AB09}.Release|Any CPU.Build.0 = Release|Any CPU
		{C92AAC6F-B166-4B8E-A00C-25ACB1335CB5}.Debug|Any CPU.ActiveCfg = Debug|Any CPU
		{C92AAC6F-B166-4B8E-A00C-25ACB1335CB5}.Debug|Any CPU.Build.0 = Debug|Any CPU
		{C92AAC6F-B166-4B8E-A00C-25ACB1335CB5}.Release|Any CPU.ActiveCfg = Release|Any CPU
		{C92AAC6F-B166-4B8E-A00C-25ACB1335CB5}.Release|Any CPU.Build.0 = Release|Any CPU
	EndGlobalSection
	GlobalSection(SolutionProperties) = preSolution
		HideSolutionNode = FALSE
	EndGlobalSection
	GlobalSection(ExtensibilityGlobals) = postSolution
		SolutionGuid = {81A3E093-F499-4A56-AB1C-030243195D22}
	EndGlobalSection
EndGlobal
